
Microsoft Visual Studio Solution File, Format Version 12.00
# Visual Studio Version 16
VisualStudioVersion = 16.0.31729.503
MinimumVisualStudioVersion = 10.0.40219.1
Project("{FAE04EC0-301F-11D3-BF4B-00C04F79EFBC}") = "DSP_LW2", "DSP_LW2\DSP_LW2.csproj", "{BFA549F2-B978-4AAF-A13D-6990C8FFFA60}"
EndProject
Global
	GlobalSection(SolutionConfigurationPlatforms) = preSolution
		Debug|Any CPU = Debug|Any CPU
		Release|Any CPU = Release|Any CPU
	EndGlobalSection
	GlobalSection(ProjectConfigurationPlatforms) = postSolution
		{BFA549F2-B978-4AAF-A13D-6990C8FFFA60}.Debug|Any CPU.ActiveCfg = Debug|Any CPU
		{BFA549F2-B978-4AAF-A13D-6990C8FFFA60}.Debug|Any CPU.Build.0 = Debug|Any CPU
		{BFA549F2-B978-4AAF-A13D-6990C8FFFA60}.Release|Any CPU.ActiveCfg = Release|Any CPU
		{BFA549F2-B978-4AAF-A13D-6990C8FFFA60}.Release|Any CPU.Build.0 = Release|Any CPU
	EndGlobalSection
	GlobalSection(SolutionProperties) = preSolution
		HideSolutionNode = FALSE
	EndGlobalSection
	GlobalSection(ExtensibilityGlobals) = postSolution
		SolutionGuid = {13D5D667-F997-49EF-B599-FDCCF723622A}
	EndGlobalSection
EndGlobal
